
Microsoft Visual Studio Solution File, Format Version 12.00
# Visual Studio 2012
Project("{FAE04EC0-301F-11D3-BF4B-00C04F79EFBC}") = "DAL", "..\DAL\DAL.csproj", "{7F34CF44-CB9E-4811-9699-8223D1210022}"
EndProject
Project("{FAE04EC0-301F-11D3-BF4B-00C04F79EFBC}") = "DALUnitTest", "..\DALUnitTest\DALUnitTest.csproj", "{79D58D01-59BF-448E-B309-26C4F5881D8F}"
EndProject
Project("{FAE04EC0-301F-11D3-BF4B-00C04F79EFBC}") = "Service", "..\Service\Service.csproj", "{82944A37-4B56-45DE-BE73-198C51691B7A}"
EndProject
Project("{FAE04EC0-301F-11D3-BF4B-00C04F79EFBC}") = "ServiceLayerUnitTest", "..\ServiceLayerUnitTest\ServiceLayerUnitTest.csproj", "{0E0257CC-9444-41D2-9A6B-21E6AC6672A3}"
EndProject
Project("{FAE04EC0-301F-11D3-BF4B-00C04F79EFBC}") = "Business", "..\Business\Business.csproj", "{43026B6D-54DD-45D9-86AB-B3CF8E5FEA1D}"
EndProject
Project("{FAE04EC0-301F-11D3-BF4B-00C04F79EFBC}") = "BusinessLayerUnitTest", "..\BusinessLayerUnitTest\BusinessLayerUnitTest.csproj", "{28EC5B3A-9C38-4C7F-B93C-1CDBD155360C}"
EndProject
Project("{FAE04EC0-301F-11D3-BF4B-00C04F79EFBC}") = "Presentation", "..\Presentation\Presentation.csproj", "{F8DC2155-F380-4AB7-A250-215D56921A41}"
EndProject
Global
	GlobalSection(SolutionConfigurationPlatforms) = preSolution
		Debug|Any CPU = Debug|Any CPU
		Release|Any CPU = Release|Any CPU
	EndGlobalSection
	GlobalSection(ProjectConfigurationPlatforms) = postSolution
		{7F34CF44-CB9E-4811-9699-8223D1210022}.Debug|Any CPU.ActiveCfg = Debug|Any CPU
		{7F34CF44-CB9E-4811-9699-8223D1210022}.Debug|Any CPU.Build.0 = Debug|Any CPU
		{7F34CF44-CB9E-4811-9699-8223D1210022}.Release|Any CPU.ActiveCfg = Release|Any CPU
		{7F34CF44-CB9E-4811-9699-8223D1210022}.Release|Any CPU.Build.0 = Release|Any CPU
		{79D58D01-59BF-448E-B309-26C4F5881D8F}.Debug|Any CPU.ActiveCfg = Debug|Any CPU
		{79D58D01-59BF-448E-B309-26C4F5881D8F}.Debug|Any CPU.Build.0 = Debug|Any CPU
		{79D58D01-59BF-448E-B309-26C4F5881D8F}.Release|Any CPU.ActiveCfg = Release|Any CPU
		{79D58D01-59BF-448E-B309-26C4F5881D8F}.Release|Any CPU.Build.0 = Release|Any CPU
		{82944A37-4B56-45DE-BE73-198C51691B7A}.Debug|Any CPU.ActiveCfg = Debug|Any CPU
		{82944A37-4B56-45DE-BE73-198C51691B7A}.Debug|Any CPU.Build.0 = Debug|Any CPU
		{82944A37-4B56-45DE-BE73-198C51691B7A}.Release|Any CPU.ActiveCfg = Release|Any CPU
		{82944A37-4B56-45DE-BE73-198C51691B7A}.Release|Any CPU.Build.0 = Release|Any CPU
		{0E0257CC-9444-41D2-9A6B-21E6AC6672A3}.Debug|Any CPU.ActiveCfg = Debug|Any CPU
		{0E0257CC-9444-41D2-9A6B-21E6AC6672A3}.Debug|Any CPU.Build.0 = Debug|Any CPU
		{0E0257CC-9444-41D2-9A6B-21E6AC6672A3}.Release|Any CPU.ActiveCfg = Release|Any CPU
		{0E0257CC-9444-41D2-9A6B-21E6AC6672A3}.Release|Any CPU.Build.0 = Release|Any CPU
		{43026B6D-54DD-45D9-86AB-B3CF8E5FEA1D}.Debug|Any CPU.ActiveCfg = Debug|Any CPU
		{43026B6D-54DD-45D9-86AB-B3CF8E5FEA1D}.Debug|Any CPU.Build.0 = Debug|Any CPU
		{43026B6D-54DD-45D9-86AB-B3CF8E5FEA1D}.Release|Any CPU.ActiveCfg = Release|Any CPU
		{43026B6D-54DD-45D9-86AB-B3CF8E5FEA1D}.Release|Any CPU.Build.0 = Release|Any CPU
		{28EC5B3A-9C38-4C7F-B93C-1CDBD155360C}.Debug|Any CPU.ActiveCfg = Debug|Any CPU
		{28EC5B3A-9C38-4C7F-B93C-1CDBD155360C}.Debug|Any CPU.Build.0 = Debug|Any CPU
		{28EC5B3A-9C38-4C7F-B93C-1CDBD155360C}.Release|Any CPU.ActiveCfg = Release|Any CPU
		{28EC5B3A-9C38-4C7F-B93C-1CDBD155360C}.Release|Any CPU.Build.0 = Release|Any CPU
		{F8DC2155-F380-4AB7-A250-215D56921A41}.Debug|Any CPU.ActiveCfg = Debug|Any CPU
		{F8DC2155-F380-4AB7-A250-215D56921A41}.Debug|Any CPU.Build.0 = Debug|Any CPU
		{F8DC2155-F380-4AB7-A250-215D56921A41}.Release|Any CPU.ActiveCfg = Release|Any CPU
		{F8DC2155-F380-4AB7-A250-215D56921A41}.Release|Any CPU.Build.0 = Release|Any CPU
	EndGlobalSection
	GlobalSection(SolutionProperties) = preSolution
		HideSolutionNode = FALSE
	EndGlobalSection
EndGlobal
